{
  "name": "@yarkivaev/operations-hub-plan-http-client",
  "version": "0.5.2",
  "lockfileVersion": 3,
  "requires": true,
  "packages": {
    "": {
      "name": "@yarkivaev/operations-hub-plan-http-client",
      "version": "0.5.2",
      "license": "MIT",
      "engines": {
        "node": ">=22"
      }
    }
  }
}
